
Microsoft Visual Studio Solution File, Format Version 12.00
# Visual Studio Version 17
VisualStudioVersion = 17.9.34728.123
MinimumVisualStudioVersion = 10.0.40219.1
Project("{2150E333-8FDC-42A3-9474-1A3956D46DE8}") = "Week1", "Week1", "{448F5023-662C-4F8B-A89B-AF7E4009069F}"
EndProject
Project("{FAE04EC0-301F-11D3-BF4B-00C04F79EFBC}") = "Plus_Minus", "Week1\Plus_Minus\Plus_Minus.csproj", "{C6D36F3B-5D71-4A64-9940-B1EC96BA9D0C}"
EndProject
Project("{FAE04EC0-301F-11D3-BF4B-00C04F79EFBC}") = "Mini-Max Sum", "Week1\Mini-Max Sum\Mini-Max Sum.csproj", "{D1F2327A-E938-49F3-B844-A4E44146ED23}"
EndProject
Project("{FAE04EC0-301F-11D3-BF4B-00C04F79EFBC}") = "Lonely_Integer", "Week1\Lonely_Integer\Lonely_Integer.csproj", "{69BAED51-021C-42D8-8023-20290D555B5A}"
EndProject
Project("{FAE04EC0-301F-11D3-BF4B-00C04F79EFBC}") = "TimeConversion", "Week1\TimeConversion\TimeConversion.csproj", "{2BA01CDE-10C4-40EE-AB5A-2AFF5CBC05B0}"
EndProject
Project("{FAE04EC0-301F-11D3-BF4B-00C04F79EFBC}") = "SparseArrays", "Week1\SparseArrays\SparseArrays.csproj", "{55921668-A665-407A-88A0-86C9AD94EA92}"
EndProject
Project("{FAE04EC0-301F-11D3-BF4B-00C04F79EFBC}") = "Flipping_bits", "Week1\Flipping_bits\Flipping_bits.csproj", "{4844CC4B-81C2-4691-A1EA-9536C8109FB0}"
EndProject
Project("{FAE04EC0-301F-11D3-BF4B-00C04F79EFBC}") = "Diagonal_Difference", "Week1\Diagonal_Difference\Diagonal_Difference.csproj", "{0EE27CB4-3293-4477-8E24-D4EF43EF5BE0}"
EndProject
Project("{FAE04EC0-301F-11D3-BF4B-00C04F79EFBC}") = "Counting_Sort_1", "Week1\Counting_Sort_1\Counting_Sort_1.csproj", "{501DBA5B-734B-439A-B8C7-8D0570E7BB10}"
EndProject
Project("{FAE04EC0-301F-11D3-BF4B-00C04F79EFBC}") = "Pangrams", "Week1\Pangrams\Pangrams.csproj", "{97E9355F-2403-4FED-9B72-DC3AD969C101}"
EndProject
Project("{FAE04EC0-301F-11D3-BF4B-00C04F79EFBC}") = "Permuting-Two_Arrays", "Week1\Permuting-Two_Arrays\Permuting-Two_Arrays.csproj", "{CF29BD80-2A9A-4CA2-A1CD-83AA1F23EAE4}"
EndProject
Project("{FAE04EC0-301F-11D3-BF4B-00C04F79EFBC}") = "Subarray_Division_1", "Week1\Subarray_Division_1\Subarray_Division_1.csproj", "{80F61976-D420-45AA-9818-DD15A8718B28}"
EndProject
Project("{2150E333-8FDC-42A3-9474-1A3956D46DE8}") = "MockTest", "MockTest", "{362B7078-5AEA-4F95-8D37-600AF0668454}"
EndProject
Project("{FAE04EC0-301F-11D3-BF4B-00C04F79EFBC}") = "Find_The_Median", "Week1\MockTest\Find_The_Median\Find_The_Median.csproj", "{F010C33E-A7F5-4B60-A382-36CDB5FEF9B1}"
EndProject
Project("{FAE04EC0-301F-11D3-BF4B-00C04F79EFBC}") = "Flipping_The_Matrix", "Week1\MockTest\Flipping_The_Matrix\Flipping_The_Matrix.csproj", "{8CE3549D-C00C-4154-9B86-D99DBA972B8B}"
EndProject
Project("{2150E333-8FDC-42A3-9474-1A3956D46DE8}") = "Week2", "Week2", "{94BA7FA9-3B98-48A4-9383-9E4658044295}"
EndProject
Project("{FAE04EC0-301F-11D3-BF4B-00C04F79EFBC}") = "Sales_by_Match", "Week2\Sales_by_Match\Sales_by_Match.csproj", "{5C69EE70-B459-4EF2-8993-DEEAA81A42A5}"
EndProject
Project("{FAE04EC0-301F-11D3-BF4B-00C04F79EFBC}") = "Drawing_Book", "Week2\Drawing_Book\Drawing_Book.csproj", "{CE426104-DAAF-43A1-8626-CF899A7A8119}"
EndProject
Project("{FAE04EC0-301F-11D3-BF4B-00C04F79EFBC}") = "Tower_Breakers", "Week2\Tower_Breakers\Tower_Breakers.csproj", "{A6F879A7-E80D-4B2E-BE29-DF4103689912}"
EndProject
Project("{FAE04EC0-301F-11D3-BF4B-00C04F79EFBC}") = "Caesar_Cipher", "Week2\Caesar_Cipher\Caesar_Cipher.csproj", "{DAC2E7E2-92E1-4B16-A911-C334D6B204F9}"
EndProject
Global
	GlobalSection(SolutionConfigurationPlatforms) = preSolution
		Debug|Any CPU = Debug|Any CPU
		Release|Any CPU = Release|Any CPU
	EndGlobalSection
	GlobalSection(ProjectConfigurationPlatforms) = postSolution
		{C6D36F3B-5D71-4A64-9940-B1EC96BA9D0C}.Debug|Any CPU.ActiveCfg = Debug|Any CPU
		{C6D36F3B-5D71-4A64-9940-B1EC96BA9D0C}.Debug|Any CPU.Build.0 = Debug|Any CPU
		{C6D36F3B-5D71-4A64-9940-B1EC96BA9D0C}.Release|Any CPU.ActiveCfg = Release|Any CPU
		{C6D36F3B-5D71-4A64-9940-B1EC96BA9D0C}.Release|Any CPU.Build.0 = Release|Any CPU
		{D1F2327A-E938-49F3-B844-A4E44146ED23}.Debug|Any CPU.ActiveCfg = Debug|Any CPU
		{D1F2327A-E938-49F3-B844-A4E44146ED23}.Debug|Any CPU.Build.0 = Debug|Any CPU
		{D1F2327A-E938-49F3-B844-A4E44146ED23}.Release|Any CPU.ActiveCfg = Release|Any CPU
		{D1F2327A-E938-49F3-B844-A4E44146ED23}.Release|Any CPU.Build.0 = Release|Any CPU
		{69BAED51-021C-42D8-8023-20290D555B5A}.Debug|Any CPU.ActiveCfg = Debug|Any CPU
		{69BAED51-021C-42D8-8023-20290D555B5A}.Debug|Any CPU.Build.0 = Debug|Any CPU
		{69BAED51-021C-42D8-8023-20290D555B5A}.Release|Any CPU.ActiveCfg = Release|Any CPU
		{69BAED51-021C-42D8-8023-20290D555B5A}.Release|Any CPU.Build.0 = Release|Any CPU
		{2BA01CDE-10C4-40EE-AB5A-2AFF5CBC05B0}.Debug|Any CPU.ActiveCfg = Debug|Any CPU
		{2BA01CDE-10C4-40EE-AB5A-2AFF5CBC05B0}.Debug|Any CPU.Build.0 = Debug|Any CPU
		{2BA01CDE-10C4-40EE-AB5A-2AFF5CBC05B0}.Release|Any CPU.ActiveCfg = Release|Any CPU
		{2BA01CDE-10C4-40EE-AB5A-2AFF5CBC05B0}.Release|Any CPU.Build.0 = Release|Any CPU
		{55921668-A665-407A-88A0-86C9AD94EA92}.Debug|Any CPU.ActiveCfg = Debug|Any CPU
		{55921668-A665-407A-88A0-86C9AD94EA92}.Debug|Any CPU.Build.0 = Debug|Any CPU
		{55921668-A665-407A-88A0-86C9AD94EA92}.Release|Any CPU.ActiveCfg = Release|Any CPU
		{55921668-A665-407A-88A0-86C9AD94EA92}.Release|Any CPU.Build.0 = Release|Any CPU
		{4844CC4B-81C2-4691-A1EA-9536C8109FB0}.Debug|Any CPU.ActiveCfg = Debug|Any CPU
		{4844CC4B-81C2-4691-A1EA-9536C8109FB0}.Debug|Any CPU.Build.0 = Debug|Any CPU
		{4844CC4B-81C2-4691-A1EA-9536C8109FB0}.Release|Any CPU.ActiveCfg = Release|Any CPU
		{4844CC4B-81C2-4691-A1EA-9536C8109FB0}.Release|Any CPU.Build.0 = Release|Any CPU
		{0EE27CB4-3293-4477-8E24-D4EF43EF5BE0}.Debug|Any CPU.ActiveCfg = Debug|Any CPU
		{0EE27CB4-3293-4477-8E24-D4EF43EF5BE0}.Debug|Any CPU.Build.0 = Debug|Any CPU
		{0EE27CB4-3293-4477-8E24-D4EF43EF5BE0}.Release|Any CPU.ActiveCfg = Release|Any CPU
		{0EE27CB4-3293-4477-8E24-D4EF43EF5BE0}.Release|Any CPU.Build.0 = Release|Any CPU
		{501DBA5B-734B-439A-B8C7-8D0570E7BB10}.Debug|Any CPU.ActiveCfg = Debug|Any CPU
		{501DBA5B-734B-439A-B8C7-8D0570E7BB10}.Debug|Any CPU.Build.0 = Debug|Any CPU
		{501DBA5B-734B-439A-B8C7-8D0570E7BB10}.Release|Any CPU.ActiveCfg = Release|Any CPU
		{501DBA5B-734B-439A-B8C7-8D0570E7BB10}.Release|Any CPU.Build.0 = Release|Any CPU
		{97E9355F-2403-4FED-9B72-DC3AD969C101}.Debug|Any CPU.ActiveCfg = Debug|Any CPU
		{97E9355F-2403-4FED-9B72-DC3AD969C101}.Debug|Any CPU.Build.0 = Debug|Any CPU
		{97E9355F-2403-4FED-9B72-DC3AD969C101}.Release|Any CPU.ActiveCfg = Release|Any CPU
		{97E9355F-2403-4FED-9B72-DC3AD969C101}.Release|Any CPU.Build.0 = Release|Any CPU
		{CF29BD80-2A9A-4CA2-A1CD-83AA1F23EAE4}.Debug|Any CPU.ActiveCfg = Debug|Any CPU
		{CF29BD80-2A9A-4CA2-A1CD-83AA1F23EAE4}.Debug|Any CPU.Build.0 = Debug|Any CPU
		{CF29BD80-2A9A-4CA2-A1CD-83AA1F23EAE4}.Release|Any CPU.ActiveCfg = Release|Any CPU
		{CF29BD80-2A9A-4CA2-A1CD-83AA1F23EAE4}.Release|Any CPU.Build.0 = Release|Any CPU
		{80F61976-D420-45AA-9818-DD15A8718B28}.Debug|Any CPU.ActiveCfg = Debug|Any CPU
		{80F61976-D420-45AA-9818-DD15A8718B28}.Debug|Any CPU.Build.0 = Debug|Any CPU
		{80F61976-D420-45AA-9818-DD15A8718B28}.Release|Any CPU.ActiveCfg = Release|Any CPU
		{80F61976-D420-45AA-9818-DD15A8718B28}.Release|Any CPU.Build.0 = Release|Any CPU
		{F010C33E-A7F5-4B60-A382-36CDB5FEF9B1}.Debug|Any CPU.ActiveCfg = Debug|Any CPU
		{F010C33E-A7F5-4B60-A382-36CDB5FEF9B1}.Debug|Any CPU.Build.0 = Debug|Any CPU
		{F010C33E-A7F5-4B60-A382-36CDB5FEF9B1}.Release|Any CPU.ActiveCfg = Release|Any CPU
		{F010C33E-A7F5-4B60-A382-36CDB5FEF9B1}.Release|Any CPU.Build.0 = Release|Any CPU
		{8CE3549D-C00C-4154-9B86-D99DBA972B8B}.Debug|Any CPU.ActiveCfg = Debug|Any CPU
		{8CE3549D-C00C-4154-9B86-D99DBA972B8B}.Debug|Any CPU.Build.0 = Debug|Any CPU
		{8CE3549D-C00C-4154-9B86-D99DBA972B8B}.Release|Any CPU.ActiveCfg = Release|Any CPU
		{8CE3549D-C00C-4154-9B86-D99DBA972B8B}.Release|Any CPU.Build.0 = Release|Any CPU
		{5C69EE70-B459-4EF2-8993-DEEAA81A42A5}.Debug|Any CPU.ActiveCfg = Debug|Any CPU
		{5C69EE70-B459-4EF2-8993-DEEAA81A42A5}.Debug|Any CPU.Build.0 = Debug|Any CPU
		{5C69EE70-B459-4EF2-8993-DEEAA81A42A5}.Release|Any CPU.ActiveCfg = Release|Any CPU
		{5C69EE70-B459-4EF2-8993-DEEAA81A42A5}.Release|Any CPU.Build.0 = Release|Any CPU
		{CE426104-DAAF-43A1-8626-CF899A7A8119}.Debug|Any CPU.ActiveCfg = Debug|Any CPU
		{CE426104-DAAF-43A1-8626-CF899A7A8119}.Debug|Any CPU.Build.0 = Debug|Any CPU
		{CE426104-DAAF-43A1-8626-CF899A7A8119}.Release|Any CPU.ActiveCfg = Release|Any CPU
		{CE426104-DAAF-43A1-8626-CF899A7A8119}.Release|Any CPU.Build.0 = Release|Any CPU
		{A6F879A7-E80D-4B2E-BE29-DF4103689912}.Debug|Any CPU.ActiveCfg = Debug|Any CPU
		{A6F879A7-E80D-4B2E-BE29-DF4103689912}.Debug|Any CPU.Build.0 = Debug|Any CPU
		{A6F879A7-E80D-4B2E-BE29-DF4103689912}.Release|Any CPU.ActiveCfg = Release|Any CPU
		{A6F879A7-E80D-4B2E-BE29-DF4103689912}.Release|Any CPU.Build.0 = Release|Any CPU
		{DAC2E7E2-92E1-4B16-A911-C334D6B204F9}.Debug|Any CPU.ActiveCfg = Debug|Any CPU
		{DAC2E7E2-92E1-4B16-A911-C334D6B204F9}.Debug|Any CPU.Build.0 = Debug|Any CPU
		{DAC2E7E2-92E1-4B16-A911-C334D6B204F9}.Release|Any CPU.ActiveCfg = Release|Any CPU
		{DAC2E7E2-92E1-4B16-A911-C334D6B204F9}.Release|Any CPU.Build.0 = Release|Any CPU
	EndGlobalSection
	GlobalSection(SolutionProperties) = preSolution
		HideSolutionNode = FALSE
	EndGlobalSection
	GlobalSection(NestedProjects) = preSolution
		{C6D36F3B-5D71-4A64-9940-B1EC96BA9D0C} = {448F5023-662C-4F8B-A89B-AF7E4009069F}
		{D1F2327A-E938-49F3-B844-A4E44146ED23} = {448F5023-662C-4F8B-A89B-AF7E4009069F}
		{69BAED51-021C-42D8-8023-20290D555B5A} = {448F5023-662C-4F8B-A89B-AF7E4009069F}
		{2BA01CDE-10C4-40EE-AB5A-2AFF5CBC05B0} = {448F5023-662C-4F8B-A89B-AF7E4009069F}
		{55921668-A665-407A-88A0-86C9AD94EA92} = {448F5023-662C-4F8B-A89B-AF7E4009069F}
		{4844CC4B-81C2-4691-A1EA-9536C8109FB0} = {448F5023-662C-4F8B-A89B-AF7E4009069F}
		{0EE27CB4-3293-4477-8E24-D4EF43EF5BE0} = {448F5023-662C-4F8B-A89B-AF7E4009069F}
		{501DBA5B-734B-439A-B8C7-8D0570E7BB10} = {448F5023-662C-4F8B-A89B-AF7E4009069F}
		{97E9355F-2403-4FED-9B72-DC3AD969C101} = {448F5023-662C-4F8B-A89B-AF7E4009069F}
		{CF29BD80-2A9A-4CA2-A1CD-83AA1F23EAE4} = {448F5023-662C-4F8B-A89B-AF7E4009069F}
		{80F61976-D420-45AA-9818-DD15A8718B28} = {448F5023-662C-4F8B-A89B-AF7E4009069F}
		{362B7078-5AEA-4F95-8D37-600AF0668454} = {448F5023-662C-4F8B-A89B-AF7E4009069F}
		{F010C33E-A7F5-4B60-A382-36CDB5FEF9B1} = {362B7078-5AEA-4F95-8D37-600AF0668454}
		{8CE3549D-C00C-4154-9B86-D99DBA972B8B} = {362B7078-5AEA-4F95-8D37-600AF0668454}
		{5C69EE70-B459-4EF2-8993-DEEAA81A42A5} = {94BA7FA9-3B98-48A4-9383-9E4658044295}
		{CE426104-DAAF-43A1-8626-CF899A7A8119} = {94BA7FA9-3B98-48A4-9383-9E4658044295}
		{A6F879A7-E80D-4B2E-BE29-DF4103689912} = {94BA7FA9-3B98-48A4-9383-9E4658044295}
		{DAC2E7E2-92E1-4B16-A911-C334D6B204F9} = {94BA7FA9-3B98-48A4-9383-9E4658044295}
	EndGlobalSection
	GlobalSection(ExtensibilityGlobals) = postSolution
		SolutionGuid = {F103F285-CEC7-4D76-ADF1-3A74317DB141}
	EndGlobalSection
EndGlobal
